
Microsoft Visual Studio Solution File, Format Version 12.00
# Visual Studio Version 16
VisualStudioVersion = 16.0.30523.141
MinimumVisualStudioVersion = 10.0.40219.1
Project("{FAE04EC0-301F-11D3-BF4B-00C04F79EFBC}") = "Suma", "Suma\Suma.csproj", "{C81E2AFA-A64A-47E3-87B9-55DACE9E7A3F}"
EndProject
Global
	GlobalSection(SolutionConfigurationPlatforms) = preSolution
		Debug|Any CPU = Debug|Any CPU
		Release|Any CPU = Release|Any CPU
	EndGlobalSection
	GlobalSection(ProjectConfigurationPlatforms) = postSolution
		{C81E2AFA-A64A-47E3-87B9-55DACE9E7A3F}.Debug|Any CPU.ActiveCfg = Debug|Any CPU
		{C81E2AFA-A64A-47E3-87B9-55DACE9E7A3F}.Debug|Any CPU.Build.0 = Debug|Any CPU
		{C81E2AFA-A64A-47E3-87B9-55DACE9E7A3F}.Release|Any CPU.ActiveCfg = Release|Any CPU
		{C81E2AFA-A64A-47E3-87B9-55DACE9E7A3F}.Release|Any CPU.Build.0 = Release|Any CPU
	EndGlobalSection
	GlobalSection(SolutionProperties) = preSolution
		HideSolutionNode = FALSE
	EndGlobalSection
	GlobalSection(ExtensibilityGlobals) = postSolution
		SolutionGuid = {3A641C9D-CE5E-4AB4-80B1-FBA671168498}
	EndGlobalSection
EndGlobal
